
Microsoft Visual Studio Solution File, Format Version 12.00
# Visual Studio Version 17
VisualStudioVersion = 17.5.2.0
MinimumVisualStudioVersion = 10.0.40219.1
Project("{FAE04EC0-301F-11D3-BF4B-00C04F79EFBC}") = "Задание 1.2", "Задание 1.2.csproj", "{FBAEA4B6-2170-32BC-1D58-DCD485AC2B09}"
EndProject
Global
	GlobalSection(SolutionConfigurationPlatforms) = preSolution
		Debug|Any CPU = Debug|Any CPU
		Release|Any CPU = Release|Any CPU
	EndGlobalSection
	GlobalSection(ProjectConfigurationPlatforms) = postSolution
		{FBAEA4B6-2170-32BC-1D58-DCD485AC2B09}.Debug|Any CPU.ActiveCfg = Debug|Any CPU
		{FBAEA4B6-2170-32BC-1D58-DCD485AC2B09}.Debug|Any CPU.Build.0 = Debug|Any CPU
		{FBAEA4B6-2170-32BC-1D58-DCD485AC2B09}.Release|Any CPU.ActiveCfg = Release|Any CPU
		{FBAEA4B6-2170-32BC-1D58-DCD485AC2B09}.Release|Any CPU.Build.0 = Release|Any CPU
	EndGlobalSection
	GlobalSection(SolutionProperties) = preSolution
		HideSolutionNode = FALSE
	EndGlobalSection
	GlobalSection(ExtensibilityGlobals) = postSolution
		SolutionGuid = {60678A76-FC3B-44DD-803F-68946CA9E779}
	EndGlobalSection
EndGlobal
