
Microsoft Visual Studio Solution File, Format Version 12.00
# Visual Studio Version 17
VisualStudioVersion = 17.5.2.0
MinimumVisualStudioVersion = 10.0.40219.1
Project("{FAE04EC0-301F-11D3-BF4B-00C04F79EFBC}") = "Лабораторная№1", "Лабораторная№1.csproj", "{6890E5D8-A182-A998-62A8-9B0446AE096C}"
EndProject
Global
	GlobalSection(SolutionConfigurationPlatforms) = preSolution
		Debug|Any CPU = Debug|Any CPU
		Release|Any CPU = Release|Any CPU
	EndGlobalSection
	GlobalSection(ProjectConfigurationPlatforms) = postSolution
		{6890E5D8-A182-A998-62A8-9B0446AE096C}.Debug|Any CPU.ActiveCfg = Debug|Any CPU
		{6890E5D8-A182-A998-62A8-9B0446AE096C}.Debug|Any CPU.Build.0 = Debug|Any CPU
		{6890E5D8-A182-A998-62A8-9B0446AE096C}.Release|Any CPU.ActiveCfg = Release|Any CPU
		{6890E5D8-A182-A998-62A8-9B0446AE096C}.Release|Any CPU.Build.0 = Release|Any CPU
	EndGlobalSection
	GlobalSection(SolutionProperties) = preSolution
		HideSolutionNode = FALSE
	EndGlobalSection
	GlobalSection(ExtensibilityGlobals) = postSolution
		SolutionGuid = {14C45C29-1907-474B-B941-6F4B11FAF481}
	EndGlobalSection
EndGlobal
